
Microsoft Visual Studio Solution File, Format Version 12.00
# Visual Studio Version 17
VisualStudioVersion = 17.8.34205.153
MinimumVisualStudioVersion = 10.0.40219.1
Project("{FAE04EC0-301F-11D3-BF4B-00C04F79EFBC}") = "AWSSecretManager.Demo", "AWSSecretManager.Demo\AWSSecretManager.Demo.csproj", "{CC830E4F-30F9-491B-AC76-724643494B71}"
EndProject
Global
	GlobalSection(SolutionConfigurationPlatforms) = preSolution
		Debug|Any CPU = Debug|Any CPU
		Release|Any CPU = Release|Any CPU
	EndGlobalSection
	GlobalSection(ProjectConfigurationPlatforms) = postSolution
		{CC830E4F-30F9-491B-AC76-724643494B71}.Debug|Any CPU.ActiveCfg = Debug|Any CPU
		{CC830E4F-30F9-491B-AC76-724643494B71}.Debug|Any CPU.Build.0 = Debug|Any CPU
		{CC830E4F-30F9-491B-AC76-724643494B71}.Release|Any CPU.ActiveCfg = Release|Any CPU
		{CC830E4F-30F9-491B-AC76-724643494B71}.Release|Any CPU.Build.0 = Release|Any CPU
	EndGlobalSection
	GlobalSection(SolutionProperties) = preSolution
		HideSolutionNode = FALSE
	EndGlobalSection
	GlobalSection(ExtensibilityGlobals) = postSolution
		SolutionGuid = {33E74F32-168C-4B55-B7F4-E8B700A942C0}
	EndGlobalSection
EndGlobal
